// !$*UTF8*$!
{
	archiveVersion = 1;
	classes = {
	};
	objectVersion = 55;
	objects = {

/* Begin PBXBuildFile section */
		4EF1A54727F12A0C00CD646E /* AppDelegate.swift in Sources */ = {isa = PBXBuildFile; fileRef = 4EF1A54627F12A0C00CD646E /* AppDelegate.swift */; };
		4EF1A54927F12A0C00CD646E /* SceneDelegate.swift in Sources */ = {isa = PBXBuildFile; fileRef = 4EF1A54827F12A0C00CD646E /* SceneDelegate.swift */; };
		4EF1A54B27F12A0C00CD646E /* ViewController.swift in Sources */ = {isa = PBXBuildFile; fileRef = 4EF1A54A27F12A0C00CD646E /* ViewController.swift */; };
		4EF1A54E27F12A0C00CD646E /* Main.storyboard in Resources */ = {isa = PBXBuildFile; fileRef = 4EF1A54C27F12A0C00CD646E /* Main.storyboard */; };
		4EF1A55127F12A0D00CD646E /* firestoreClickerSeaver.xcdatamodeld in Sources */ = {isa = PBXBuildFile; fileRef = 4EF1A54F27F12A0D00CD646E /* firestoreClickerSeaver.xcdatamodeld */; };
		4EF1A55327F12A1000CD646E /* Assets.xcassets in Resources */ = {isa = PBXBuildFile; fileRef = 4EF1A55227F12A1000CD646E /* Assets.xcassets */; };
		4EF1A55627F12A1000CD646E /* LaunchScreen.storyboard in Resources */ = {isa = PBXBuildFile; fileRef = 4EF1A55427F12A1000CD646E /* LaunchScreen.storyboard */; };
/* End PBXBuildFile section */

/* Begin PBXFileReference section */
		4EF1A54327F12A0C00CD646E /* firestoreClickerSeaver.app */ = {isa = PBXFileReference; explicitFileType = wrapper.application; includeInIndex = 0; path = firestoreClickerSeaver.app; sourceTree = BUILT_PRODUCTS_DIR; };
		4EF1A54627F12A0C00CD646E /* AppDelegate.swift */ = {isa = PBXFileReference; lastKnownFileType = sourcecode.swift; path = AppDelegate.swift; sourceTree = "<group>"; };
		4EF1A54827F12A0C00CD646E /* SceneDelegate.swift */ = {isa = PBXFileReference; lastKnownFileType = sourcecode.swift; path = SceneDelegate.swift; sourceTree = "<group>"; };
		4EF1A54A27F12A0C00CD646E /* ViewController.swift */ = {isa = PBXFileReference; lastKnownFileType = sourcecode.swift; path = ViewController.swift; sourceTree = "<group>"; };
		4EF1A54D27F12A0C00CD646E /* Base */ = {isa = PBXFileReference; lastKnownFileType = file.storyboard; name = Base; path = Base.lproj/Main.storyboard; sourceTree = "<group>"; };
		4EF1A55027F12A0D00CD646E /* firestoreClickerSeaver.xcdatamodel */ = {isa = PBXFileReference; lastKnownFileType = wrapper.xcdatamodel; path = firestoreClickerSeaver.xcdatamodel; sourceTree = "<group>"; };
		4EF1A55227F12A1000CD646E /* Assets.xcassets */ = {isa = PBXFileReference; lastKnownFileType = folder.assetcatalog; path = Assets.xcassets; sourceTree = "<group>"; };
		4EF1A55527F12A1000CD646E /* Base */ = {isa = PBXFileReference; lastKnownFileType = file.storyboard; name = Base; path = Base.lproj/LaunchScreen.storyboard; sourceTree = "<group>"; };
		4EF1A55727F12A1000CD646E /* Info.plist */ = {isa = PBXFileReference; lastKnownFileType = text.plist.xml; path = Info.plist; sourceTree = "<group>"; };
/* End PBXFileReference section */

/* Begin PBXFrameworksBuildPhase section */
		4EF1A54027F12A0C00CD646E /* Frameworks */ = {
			isa = PBXFrameworksBuildPhase;
			buildActionMask = 2147483647;
			files = (
			);
			runOnlyForDeploymentPostprocessing = 0;
		};
/* End PBXFrameworksBuildPhase section */

/* Begin PBXGroup section */
		4EF1A53A27F12A0C00CD646E = {
			isa = PBXGroup;
			children = (
				4EF1A54527F12A0C00CD646E /* firestoreClickerSeaver */,
				4EF1A54427F12A0C00CD646E /* Products */,
			);
			sourceTree = "<group>";
		};
		4EF1A54427F12A0C00CD646E /* Products */ = {
			isa = PBXGroup;
			children = (
				4EF1A54327F12A0C00CD646E /* firestoreClickerSeaver.app */,
			);
			name = Products;
			sourceTree = "<group>";
		};
		4EF1A54527F12A0C00CD646E /* firestoreClickerSeaver */ = {
			isa = PBXGroup;
			children = (
				4EF1A54627F12A0C00CD646E /* AppDelegate.swift */,
				4EF1A54827F12A0C00CD646E /* SceneDelegate.swift */,
				4EF1A54A27F12A0C00CD646E /* ViewController.swift */,
				4EF1A54C27F12A0C00CD646E /* Main.storyboard */,
				4EF1A55227F12A1000CD646E /* Assets.xcassets */,
				4EF1A55427F12A1000CD646E /* LaunchScreen.storyboard */,
				4EF1A55727F12A1000CD646E /* Info.plist */,
				4EF1A54F27F12A0D00CD646E /* firestoreClickerSeaver.xcdatamodeld */,
			);
			path = firestoreClickerSeaver;
			sourceTree = "<group>";
		};
/* End PBXGroup section */

/* Begin PBXNativeTarget section */
		4EF1A54227F12A0C00CD646E /* firestoreClickerSeaver */ = {
			isa = PBXNativeTarget;
			buildConfigurationList = 4EF1A55A27F12A1000CD646E /* Build configuration list for PBXNativeTarget "firestoreClickerSeaver" */;
			buildPhases = (
				4EF1A53F27F12A0C00CD646E /* Sources */,
				4EF1A54027F12A0C00CD646E /* Frameworks */,
				4EF1A54127F12A0C00CD646E /* Resources */,
			);
			buildRules = (
			);
			dependencies = (
			);
			name = firestoreClickerSeaver;
			productName = firestoreClickerSeaver;
			productReference = 4EF1A54327F12A0C00CD646E /* firestoreClickerSeaver.app */;
			productType = "com.apple.product-type.application";
		};
/* End PBXNativeTarget section */

/* Begin PBXProject section */
		4EF1A53B27F12A0C00CD646E /* Project object */ = {
			isa = PBXProject;
			attributes = {
				BuildIndependentTargetsInParallel = 1;
				LastSwiftUpdateCheck = 1320;
				LastUpgradeCheck = 1320;
				TargetAttributes = {
					4EF1A54227F12A0C00CD646E = {
						CreatedOnToolsVersion = 13.2.1;
					};
				};
			};
			buildConfigurationList = 4EF1A53E27F12A0C00CD646E /* Build configuration list for PBXProject "firestoreClickerSeaver" */;
			compatibilityVersion = "Xcode 13.0";
			developmentRegion = en;
			hasScannedForEncodings = 0;
			knownRegions = (
				en,
				Base,
			);
			mainGroup = 4EF1A53A27F12A0C00CD646E;
			productRefGroup = 4EF1A54427F12A0C00CD646E /* Products */;
			projectDirPath = "";
			projectRoot = "";
			targets = (
				4EF1A54227F12A0C00CD646E /* firestoreClickerSeaver */,
			);
		};
/* End PBXProject section */

/* Begin PBXResourcesBuildPhase section */
		4EF1A54127F12A0C00CD646E /* Resources */ = {
			isa = PBXResourcesBuildPhase;
			buildActionMask = 2147483647;
			files = (
				4EF1A55627F12A1000CD646E /* LaunchScreen.storyboard in Resources */,
				4EF1A55327F12A1000CD646E /* Assets.xcassets in Resources */,
				4EF1A54E27F12A0C00CD646E /* Main.storyboard in Resources */,
			);
			runOnlyForDeploymentPostprocessing = 0;
		};
/* End PBXResourcesBuildPhase section */

/* Begin PBXSourcesBuildPhase section */
		4EF1A53F27F12A0C00CD646E /* Sources */ = {
			isa = PBXSourcesBuildPhase;
			buildActionMask = 2147483647;
			files = (
				4EF1A54B27F12A0C00CD646E /* ViewController.swift in Sources */,
				4EF1A55127F12A0D00CD646E /* firestoreClickerSeaver.xcdatamodeld in Sources */,
				4EF1A54727F12A0C00CD646E /* AppDelegate.swift in Sources */,
				4EF1A54927F12A0C00CD646E /* SceneDelegate.swift in Sources */,
			);
			runOnlyForDeploymentPostprocessing = 0;
		};
/* End PBXSourcesBuildPhase section */

/* Begin PBXVariantGroup section */
		4EF1A54C27F12A0C00CD646E /* Main.storyboard */ = {
			isa = PBXVariantGroup;
			children = (
				4EF1A54D27F12A0C00CD646E /* Base */,
			);
			name = Main.storyboard;
			sourceTree = "<group>";
		};
		4EF1A55427F12A1000CD646E /* LaunchScreen.storyboard */ = {
			isa = PBXVariantGroup;
			children = (
				4EF1A55527F12A1000CD646E /* Base */,
			);
			name = LaunchScreen.storyboard;
			sourceTree = "<group>";
		};
/* End PBXVariantGroup section */

/* Begin XCBuildConfiguration section */
		4EF1A55827F12A1000CD646E /* Debug */ = {
			isa = XCBuildConfiguration;
			buildSettings = {
				ALWAYS_SEARCH_USER_PATHS = NO;
				CLANG_ANALYZER_NONNULL = YES;
				CLANG_ANALYZER_NUMBER_OBJECT_CONVERSION = YES_AGGRESSIVE;
				CLANG_CXX_LANGUAGE_STANDARD = "gnu++17";
				CLANG_CXX_LIBRARY = "libc++";
				CLANG_ENABLE_MODULES = YES;
				CLANG_ENABLE_OBJC_ARC = YES;
				CLANG_ENABLE_OBJC_WEAK = YES;
				CLANG_WARN_BLOCK_CAPTURE_AUTORELEASING = YES;
				CLANG_WARN_BOOL_CONVERSION = YES;
				CLANG_WARN_COMMA = YES;
				CLANG_WARN_CONSTANT_CONVERSION = YES;
				CLANG_WARN_DEPRECATED_OBJC_IMPLEMENTATIONS = YES;
				CLANG_WARN_DIRECT_OBJC_ISA_USAGE = YES_ERROR;
				CLANG_WARN_DOCUMENTATION_COMMENTS = YES;
				CLANG_WARN_EMPTY_BODY = YES;
				CLANG_WARN_ENUM_CONVERSION = YES;
				CLANG_WARN_INFINITE_RECURSION = YES;
				CLANG_WARN_INT_CONVERSION = YES;
				CLANG_WARN_NON_LITERAL_NULL_CONVERSION = YES;
				CLANG_WARN_OBJC_IMPLICIT_RETAIN_SELF = YES;
				CLANG_WARN_OBJC_LITERAL_CONVERSION = YES;
				CLANG_WARN_OBJC_ROOT_CLASS = YES_ERROR;
				CLANG_WARN_QUOTED_INCLUDE_IN_FRAMEWORK_HEADER = YES;
				CLANG_WARN_RANGE_LOOP_ANALYSIS = YES;
				CLANG_WARN_STRICT_PROTOTYPES = YES;
				CLANG_WARN_SUSPICIOUS_MOVE = YES;
				CLANG_WARN_UNGUARDED_AVAILABILITY = YES_AGGRESSIVE;
				CLANG_WARN_UNREACHABLE_CODE = YES;
				CLANG_WARN__DUPLICATE_METHOD_MATCH = YES;
				COPY_PHASE_STRIP = NO;
				DEBUG_INFORMATION_FORMAT = dwarf;
				ENABLE_STRICT_OBJC_MSGSEND = YES;
				ENABLE_TESTABILITY = YES;
				GCC_C_LANGUAGE_STANDARD = gnu11;
				GCC_DYNAMIC_NO_PIC = NO;
				GCC_NO_COMMON_BLOCKS = YES;
				GCC_OPTIMIZATION_LEVEL = 0;
				GCC_PREPROCESSOR_DEFINITIONS = (
					"DEBUG=1",
					"$(inherited)",
				);
				GCC_WARN_64_TO_32_BIT_CONVERSION = YES;
				GCC_WARN_ABOUT_RETURN_TYPE = YES_ERROR;
				GCC_WARN_UNDECLARED_SELECTOR = YES;
				GCC_WARN_UNINITIALIZED_AUTOS = YES_AGGRESSIVE;
				GCC_WARN_UNUSED_FUNCTION = YES;
				GCC_WARN_UNUSED_VARIABLE = YES;
				IPHONEOS_DEPLOYMENT_TARGET = 15.2;
				MTL_ENABLE_DEBUG_INFO = INCLUDE_SOURCE;
				MTL_FAST_MATH = YES;
				ONLY_ACTIVE_ARCH = YES;
				SDKROOT = iphoneos;
				SWIFT_ACTIVE_COMPILATION_CONDITIONS = DEBUG;
				SWIFT_OPTIMIZATION_LEVEL = "-Onone";
			};
			name = Debug;
		};
		4EF1A55927F12A1000CD646E /* Release */ = {
			isa = XCBuildConfiguration;
			buildSettings = {
				ALWAYS_SEARCH_USER_PATHS = NO;
				CLANG_ANALYZER_NONNULL = YES;
				CLANG_ANALYZER_NUMBER_OBJECT_CONVERSION = YES_AGGRESSIVE;
				CLANG_CXX_LANGUAGE_STANDARD = "gnu++17";
				CLANG_CXX_LIBRARY = "libc++";
				CLANG_ENABLE_MODULES = YES;
				CLANG_ENABLE_OBJC_ARC = YES;
				CLANG_ENABLE_OBJC_WEAK = YES;
				CLANG_WARN_BLOCK_CAPTURE_AUTORELEASING = YES;
				CLANG_WARN_BOOL_CONVERSION = YES;
				CLANG_WARN_COMMA = YES;
				CLANG_WARN_CONSTANT_CONVERSION = YES;
				CLANG_WARN_DEPRECATED_OBJC_IMPLEMENTATIONS = YES;
				CLANG_WARN_DIRECT_OBJC_ISA_USAGE = YES_ERROR;
				CLANG_WARN_DOCUMENTATION_COMMENTS = YES;
				CLANG_WARN_EMPTY_BODY = YES;
				CLANG_WARN_ENUM_CONVERSION = YES;
				CLANG_WARN_INFINITE_RECURSION = YES;
				CLANG_WARN_INT_CONVERSION = YES;
				CLANG_WARN_NON_LITERAL_NULL_CONVERSION = YES;
				CLANG_WARN_OBJC_IMPLICIT_RETAIN_SELF = YES;
				CLANG_WARN_OBJC_LITERAL_CONVERSION = YES;
				CLANG_WARN_OBJC_ROOT_CLASS = YES_ERROR;
				CLANG_WARN_QUOTED_INCLUDE_IN_FRAMEWORK_HEADER = YES;
				CLANG_WARN_RANGE_LOOP_ANALYSIS = YES;
				CLANG_WARN_STRICT_PROTOTYPES = YES;
				CLANG_WARN_SUSPICIOUS_MOVE = YES;
				CLANG_WARN_UNGUARDED_AVAILABILITY = YES_AGGRESSIVE;
				CLANG_WARN_UNREACHABLE_CODE = YES;
				CLANG_WARN__DUPLICATE_METHOD_MATCH = YES;
				COPY_PHASE_STRIP = NO;
				DEBUG_INFORMATION_FORMAT = "dwarf-with-dsym";
				ENABLE_NS_ASSERTIONS = NO;
				ENABLE_STRICT_OBJC_MSGSEND = YES;
				GCC_C_LANGUAGE_STANDARD = gnu11;
				GCC_NO_COMMON_BLOCKS = YES;
				GCC_WARN_64_TO_32_BIT_CONVERSION = YES;
				GCC_WARN_ABOUT_RETURN_TYPE = YES_ERROR;
				GCC_WARN_UNDECLARED_SELECTOR = YES;
				GCC_WARN_UNINITIALIZED_AUTOS = YES_AGGRESSIVE;
				GCC_WARN_UNUSED_FUNCTION = YES;
				GCC_WARN_UNUSED_VARIABLE = YES;
				IPHONEOS_DEPLOYMENT_TARGET = 15.2;
				MTL_ENABLE_DEBUG_INFO = NO;
				MTL_FAST_MATH = YES;
				SDKROOT = iphoneos;
				SWIFT_COMPILATION_MODE = wholemodule;
				SWIFT_OPTIMIZATION_LEVEL = "-O";
				VALIDATE_PRODUCT = YES;
			};
			name = Release;
		};
		4EF1A55B27F12A1000CD646E /* Debug */ = {
			isa = XCBuildConfiguration;
			buildSettings = {
				ASSETCATALOG_COMPILER_APPICON_NAME = AppIcon;
				ASSETCATALOG_COMPILER_GLOBAL_ACCENT_COLOR_NAME = AccentColor;
				CODE_SIGN_STYLE = Automatic;
				CURRENT_PROJECT_VERSION = 1;
				DEVELOPMENT_TEAM = S22H3YR676;
				GENERATE_INFOPLIST_FILE = YES;
				INFOPLIST_FILE = firestoreClickerSeaver/Info.plist;
				INFOPLIST_KEY_UIApplicationSupportsIndirectInputEvents = YES;
				INFOPLIST_KEY_UILaunchStoryboardName = LaunchScreen;
				INFOPLIST_KEY_UIMainStoryboardFile = Main;
				INFOPLIST_KEY_UISupportedInterfaceOrientations_iPad = "UIInterfaceOrientationPortrait UIInterfaceOrientationPortraitUpsideDown UIInterfaceOrientationLandscapeLeft UIInterfaceOrientationLandscapeRight";
				INFOPLIST_KEY_UISupportedInterfaceOrientations_iPhone = "UIInterfaceOrientationPortrait UIInterfaceOrientationLandscapeLeft UIInterfaceOrientationLandscapeRight";
				LD_RUNPATH_SEARCH_PATHS = (
					"$(inherited)",
					"@executable_path/Frameworks",
				);
				MARKETING_VERSION = 1.0;
				PRODUCT_BUNDLE_IDENTIFIER = clc.firestoreClickerSeaver;
				PRODUCT_NAME = "$(TARGET_NAME)";
				SWIFT_EMIT_LOC_STRINGS = YES;
				SWIFT_VERSION = 5.0;
				TARGETED_DEVICE_FAMILY = "1,2";
			};
			name = Debug;
		};
		4EF1A55C27F12A1000CD646E /* Release */ = {
			isa = XCBuildConfiguration;
			buildSettings = {
				ASSETCATALOG_COMPILER_APPICON_NAME = AppIcon;
				ASSETCATALOG_COMPILER_GLOBAL_ACCENT_COLOR_NAME = AccentColor;
				CODE_SIGN_STYLE = Automatic;
				CURRENT_PROJECT_VERSION = 1;
				DEVELOPMENT_TEAM = S22H3YR676;
				GENERATE_INFOPLIST_FILE = YES;
				INFOPLIST_FILE = firestoreClickerSeaver/Info.plist;
				INFOPLIST_KEY_UIApplicationSupportsIndirectInputEvents = YES;
				INFOPLIST_KEY_UILaunchStoryboardName = LaunchScreen;
				INFOPLIST_KEY_UIMainStoryboardFile = Main;
				INFOPLIST_KEY_UISupportedInterfaceOrientations_iPad = "UIInterfaceOrientationPortrait UIInterfaceOrientationPortraitUpsideDown UIInterfaceOrientationLandscapeLeft UIInterfaceOrientationLandscapeRight";
				INFOPLIST_KEY_UISupportedInterfaceOrientations_iPhone = "UIInterfaceOrientationPortrait UIInterfaceOrientationLandscapeLeft UIInterfaceOrientationLandscapeRight";
				LD_RUNPATH_SEARCH_PATHS = (
					"$(inherited)",
					"@executable_path/Frameworks",
				);
				MARKETING_VERSION = 1.0;
				PRODUCT_BUNDLE_IDENTIFIER = clc.firestoreClickerSeaver;
				PRODUCT_NAME = "$(TARGET_NAME)";
				SWIFT_EMIT_LOC_STRINGS = YES;
				SWIFT_VERSION = 5.0;
				TARGETED_DEVICE_FAMILY = "1,2";
			};
			name = Release;
		};
/* End XCBuildConfiguration section */

/* Begin XCConfigurationList section */
		4EF1A53E27F12A0C00CD646E /* Build configuration list for PBXProject "firestoreClickerSeaver" */ = {
			isa = XCConfigurationList;
			buildConfigurations = (
				4EF1A55827F12A1000CD646E /* Debug */,
				4EF1A55927F12A1000CD646E /* Release */,
			);
			defaultConfigurationIsVisible = 0;
			defaultConfigurationName = Release;
		};
		4EF1A55A27F12A1000CD646E /* Build configuration list for PBXNativeTarget "firestoreClickerSeaver" */ = {
			isa = XCConfigurationList;
			buildConfigurations = (
				4EF1A55B27F12A1000CD646E /* Debug */,
				4EF1A55C27F12A1000CD646E /* Release */,
			);
			defaultConfigurationIsVisible = 0;
			defaultConfigurationName = Release;
		};
/* End XCConfigurationList section */

/* Begin XCVersionGroup section */
		4EF1A54F27F12A0D00CD646E /* firestoreClickerSeaver.xcdatamodeld */ = {
			isa = XCVersionGroup;
			children = (
				4EF1A55027F12A0D00CD646E /* firestoreClickerSeaver.xcdatamodel */,
			);
			currentVersion = 4EF1A55027F12A0D00CD646E /* firestoreClickerSeaver.xcdatamodel */;
			path = firestoreClickerSeaver.xcdatamodeld;
			sourceTree = "<group>";
			versionGroupType = wrapper.xcdatamodel;
		};
/* End XCVersionGroup section */
	};
	rootObject = 4EF1A53B27F12A0C00CD646E /* Project object */;
}
